{
    "requires": true,
    "lockfileVersion": 1,
    "dependencies": {
        "axios": {
            "version": "0.21.1",
            "resolved": "https://registry.npmjs.org/axios/-/axios-0.21.1.tgz",
            "integrity": "sha512-dKQiRHxGD9PPRIUNIWvZhPTPpl1rf/OxTYKsqKUDjBwYylTvV7SjSHJb9ratfyzM6wCdLCOYLzs73qpg5c4iGA==",
            "dev": true,
            "requires": {
                "follow-redirects": "^1.10.0"
            },
            "dependencies": {
                "follow-redirects": {
                    "version": "1.14.1",
                    "resolved": "https://registry.npmjs.org/follow-redirects/-/follow-redirects-1.14.1.tgz",
                    "integrity": "sha512-HWqDgT7ZEkqRzBvc2s64vSZ/hfOceEol3ac/7tKwzuvEyWx3/4UegXh5oBOIotkGsObyk3xznnSRVADBgWSQVg==",
                    "dev": true
                }
            }
        },
        "bootstrap": {
            "version": "4.6.0",
            "resolved": "https://registry.npmjs.org/bootstrap/-/bootstrap-4.6.0.tgz",
            "integrity": "sha512-Io55IuQY3kydzHtbGvQya3H+KorS/M9rSNyfCGCg9WZ4pyT/lCxIlpJgG1GXW/PswzC84Tr2fBYi+7+jFVQQBw==",
            "dev": true
        },
        "jquery": {
            "version": "3.6.0",
            "resolved": "https://registry.npmjs.org/jquery/-/jquery-3.6.0.tgz",
            "integrity": "sha512-JVzAR/AjBvVt2BmYhxRCSYysDsPcssdmTFnzyLEts9qNwmjmu4JTAMYubEfwVOSwpQ1I1sKKFcxhZCI2buerfw==",
            "dev": true
        },
        "lodash": {
            "version": "4.17.21",
            "resolved": "https://registry.npmjs.org/lodash/-/lodash-4.17.21.tgz",
            "integrity": "sha512-v2kDEe57lecTulaDIuNTPy3Ry4gLGJ6Z1O3vE1krgXZNrsQ+LFTGHVxVjcXPs17LhbZVGedAJv8XZ1tvj5FvSg==",
            "dev": true
        },
        "popper.js": {
            "version": "1.16.1",
            "resolved": "https://registry.npmjs.org/popper.js/-/popper.js-1.16.1.tgz",
            "integrity": "sha512-Wb4p1J4zyFTbM+u6WuO4XstYx4Ky9Cewe4DWrel7B0w6VVICvPwdOpotjzcf6eD8TsckVnIMNONQyPIUFOUbCQ==",
            "dev": true
        },
        "postcss": {
            "version": "8.3.0",
            "resolved": "https://registry.npmjs.org/postcss/-/postcss-8.3.0.tgz",
            "integrity": "sha512-+ogXpdAjWGa+fdYY5BQ96V/6tAo+TdSSIMP5huJBIygdWwKtVoB5JWZ7yUd4xZ8r+8Kvvx4nyg/PQ071H4UtcQ==",
            "dev": true,
            "requires": {
                "colorette": "^1.2.2",
                "nanoid": "^3.1.23",
                "source-map-js": "^0.6.2"
            },
            "dependencies": {
                "colorette": {
                    "version": "1.2.2",
                    "resolved": "https://registry.npmjs.org/colorette/-/colorette-1.2.2.tgz",
                    "integrity": "sha512-MKGMzyfeuutC/ZJ1cba9NqcNpfeqMUcYmyF1ZFY6/Cn7CNSAKx6a+s48sqLqyAiZuaP2TcqMhoo+dlwFnVxT9w==",
                    "dev": true
                },
                "nanoid": {
                    "version": "3.1.23",
                    "resolved": "https://registry.npmjs.org/nanoid/-/nanoid-3.1.23.tgz",
                    "integrity": "sha512-FiB0kzdP0FFVGDKlRLEQ1BgDzU87dy5NnzjeW9YZNt+/c3+q82EQDUwniSAUxp/F0gFNI1ZhKU1FqYsMuqZVnw==",
                    "dev": true
                },
                "source-map-js": {
                    "version": "0.6.2",
                    "resolved": "https://registry.npmjs.org/source-map-js/-/source-map-js-0.6.2.tgz",
                    "integrity": "sha512-/3GptzWzu0+0MBQFrDKzw/DvvMTUORvgY6k6jd/VS6iCR4RDTKWH6v6WPwQoUO8667uQEf9Oe38DxAYWY5F/Ug==",
                    "dev": true
                }
            }
        },
        "resolve-url": {
            "version": "0.2.1",
            "resolved": "https://registry.npmjs.org/resolve-url/-/resolve-url-0.2.1.tgz",
            "integrity": "sha1-LGN/53yJOv0qZj/iGqkIAGjiBSo="
        },
        "sass": {
            "version": "1.34.0",
            "resolved": "https://registry.npmjs.org/sass/-/sass-1.34.0.tgz",
            "integrity": "sha512-rHEN0BscqjUYuomUEaqq3BMgsXqQfkcMVR7UhscsAVub0/spUrZGBMxQXFS2kfiDsPLZw5yuU9iJEFNC2x38Qw==",
            "dev": true,
            "requires": {
                "chokidar": ">=3.0.0 <4.0.0"
            },
            "dependencies": {
                "anymatch": {
                    "version": "3.1.2",
                    "resolved": "https://registry.npmjs.org/anymatch/-/anymatch-3.1.2.tgz",
                    "integrity": "sha512-P43ePfOAIupkguHUycrc4qJ9kz8ZiuOUijaETwX7THt0Y/GNK7v0aa8rY816xWjZ7rJdA5XdMcpVFTKMq+RvWg==",
                    "dev": true,
                    "requires": {
                        "normalize-path": "^3.0.0",
                        "picomatch": "^2.0.4"
                    }
                },
                "binary-extensions": {
                    "version": "2.2.0",
                    "resolved": "https://registry.npmjs.org/binary-extensions/-/binary-extensions-2.2.0.tgz",
                    "integrity": "sha512-jDctJ/IVQbZoJykoeHbhXpOlNBqGNcwXJKJog42E5HDPUwQTSdjCHdihjj0DlnheQ7blbT6dHOafNAiS8ooQKA==",
                    "dev": true
                },
                "braces": {
                    "version": "3.0.2",
                    "resolved": "https://registry.npmjs.org/braces/-/braces-3.0.2.tgz",
                    "integrity": "sha512-b8um+L1RzM3WDSzvhm6gIz1yfTbBt6YTlcEKAvsmqCZZFw46z626lVj9j1yEPW33H5H+lBQpZMP1k8l+78Ha0A==",
                    "dev": true,
                    "requires": {
                        "fill-range": "^7.0.1"
                    }
                },
                "chokidar": {
                    "version": "3.5.1",
                    "resolved": "https://registry.npmjs.org/chokidar/-/chokidar-3.5.1.tgz",
                    "integrity": "sha512-9+s+Od+W0VJJzawDma/gvBNQqkTiqYTWLuZoyAsivsI4AaWTCzHG06/TMjsf1cYe9Cb97UCEhjz7HvnPk2p/tw==",
                    "dev": true,
                    "requires": {
                        "anymatch": "~3.1.1",
                        "braces": "~3.0.2",
                        "fsevents": "~2.3.1",
                        "glob-parent": "~5.1.0",
                        "is-binary-path": "~2.1.0",
                        "is-glob": "~4.0.1",
                        "normalize-path": "~3.0.0",
                        "readdirp": "~3.5.0"
                    }
                },
                "fill-range": {
                    "version": "7.0.1",
                    "resolved": "https://registry.npmjs.org/fill-range/-/fill-range-7.0.1.tgz",
                    "integrity": "sha512-qOo9F+dMUmC2Lcb4BbVvnKJxTPjCm+RRpe4gDuGrzkL7mEVl/djYSu2OdQ2Pa302N4oqkSg9ir6jaLWJ2USVpQ==",
                    "dev": true,
                    "requires": {
                        "to-regex-range": "^5.0.1"
                    }
                },
                "fsevents": {
                    "version": "2.3.2",
                    "resolved": "https://registry.npmjs.org/fsevents/-/fsevents-2.3.2.tgz",
                    "integrity": "sha512-xiqMQR4xAeHTuB9uWm+fFRcIOgKBMiOBP+eXiyT7jsgVCq1bkVygt00oASowB7EdtpOHaaPgKt812P9ab+DDKA==",
                    "dev": true,
                    "optional": true
                },
                "glob-parent": {
                    "version": "5.1.2",
                    "resolved": "https://registry.npmjs.org/glob-parent/-/glob-parent-5.1.2.tgz",
                    "integrity": "sha512-AOIgSQCepiJYwP3ARnGx+5VnTu2HBYdzbGP45eLw1vr3zB3vZLeyed1sC9hnbcOc9/SrMyM5RPQrkGz4aS9Zow==",
                    "dev": true,
                    "requires": {
                        "is-glob": "^4.0.1"
                    }
                },
                "is-binary-path": {
                    "version": "2.1.0",
                    "resolved": "https://registry.npmjs.org/is-binary-path/-/is-binary-path-2.1.0.tgz",
                    "integrity": "sha512-ZMERYes6pDydyuGidse7OsHxtbI7WVeUEozgR/g7rd0xUimYNlvZRE/K2MgZTjWy725IfelLeVcEM97mmtRGXw==",
                    "dev": true,
                    "requires": {
                        "binary-extensions": "^2.0.0"
                    }
                },
                "is-extglob": {
                    "version": "2.1.1",
                    "resolved": "https://registry.npmjs.org/is-extglob/-/is-extglob-2.1.1.tgz",
                    "integrity": "sha1-qIwCU1eR8C7TfHahueqXc8gz+MI=",
                    "dev": true
                },
                "is-glob": {
                    "version": "4.0.1",
                    "resolved": "https://registry.npmjs.org/is-glob/-/is-glob-4.0.1.tgz",
                    "integrity": "sha512-5G0tKtBTFImOqDnLB2hG6Bp2qcKEFduo4tZu9MT/H6NQv/ghhy30o55ufafxJ/LdH79LLs2Kfrn85TLKyA7BUg==",
                    "dev": true,
                    "requires": {
                        "is-extglob": "^2.1.1"
                    }
                },
                "is-number": {
                    "version": "7.0.0",
                    "resolved": "https://registry.npmjs.org/is-number/-/is-number-7.0.0.tgz",
                    "integrity": "sha512-41Cifkg6e8TylSpdtTpeLVMqvSBEVzTttHvERD741+pnZ8ANv0004MRL43QKPDlK9cGvNp6NZWZUBlbGXYxxng==",
                    "dev": true
                },
                "normalize-path": {
                    "version": "3.0.0",
                    "resolved": "https://registry.npmjs.org/normalize-path/-/normalize-path-3.0.0.tgz",
                    "integrity": "sha512-6eZs5Ls3WtCisHWp9S2GUy8dqkpGi4BVSz3GaqiE6ezub0512ESztXUwUB6C6IKbQkY2Pnb/mD4WYojCRwcwLA==",
                    "dev": true
                },
                "picomatch": {
                    "version": "2.3.0",
                    "resolved": "https://registry.npmjs.org/picomatch/-/picomatch-2.3.0.tgz",
                    "integrity": "sha512-lY1Q/PiJGC2zOv/z391WOTD+Z02bCgsFfvxoXXf6h7kv9o+WmsmzYqrAwY63sNgOxE4xEdq0WyUnXfKeBrSvYw==",
                    "dev": true
                },
                "readdirp": {
                    "version": "3.5.0",
                    "resolved": "https://registry.npmjs.org/readdirp/-/readdirp-3.5.0.tgz",
                    "integrity": "sha512-cMhu7c/8rdhkHXWsY+osBhfSy0JikwpHK/5+imo+LpeasTF8ouErHrlYkwT0++njiyuDvc7OFY5T3ukvZ8qmFQ==",
                    "dev": true,
                    "requires": {
                        "picomatch": "^2.2.1"
                    }
                },
                "to-regex-range": {
                    "version": "5.0.1",
                    "resolved": "https://registry.npmjs.org/to-regex-range/-/to-regex-range-5.0.1.tgz",
                    "integrity": "sha512-65P7iz6X5yEr1cwcgvQxbbIw7Uk3gOy5dIdtZ4rDveLqhrdJP+Li/Hx6tyK0NEb+2GCyneCMJiGqrADCSNk8sQ==",
                    "dev": true,
                    "requires": {
                        "is-number": "^7.0.0"
                    }
                }
            }
        },
        "sass-loader": {
            "version": "11.1.1",
            "resolved": "https://registry.npmjs.org/sass-loader/-/sass-loader-11.1.1.tgz",
            "integrity": "sha512-fOCp/zLmj1V1WHDZbUbPgrZhA7HKXHEqkslzB+05U5K9SbSbcmH91C7QLW31AsXikxUMaxXRhhcqWZAxUMLDyA==",
            "dev": true,
            "requires": {
                "klona": "^2.0.4",
                "neo-async": "^2.6.2"
            },
            "dependencies": {
                "klona": {
                    "version": "2.0.4",
                    "resolved": "https://registry.npmjs.org/klona/-/klona-2.0.4.tgz",
                    "integrity": "sha512-ZRbnvdg/NxqzC7L9Uyqzf4psi1OM4Cuc+sJAkQPjO6XkQIJTNbfK2Rsmbw8fx1p2mkZdp2FZYo2+LwXYY/uwIA==",
                    "dev": true
                },
                "neo-async": {
                    "version": "2.6.2",
                    "resolved": "https://registry.npmjs.org/neo-async/-/neo-async-2.6.2.tgz",
                    "integrity": "sha512-Yd3UES5mWCSqR+qNT93S3UoYUkqAZ9lLg8a7g9rimsWmYGK8cVToA4/sF3RrshdyV3sAGMXVUmpMYOw+dLpOuw==",
                    "dev": true
                }
            }
        }
    }
}
